// !$*UTF8*$!
{
	archiveVersion = 1;
	classes = {
	};
	objectVersion = 77;
	objects = {

/* Begin PBXBuildFile section */
		08E6BBC12EAFF5D100DD237C /* Model.framework in Frameworks */ = {isa = PBXBuildFile; fileRef = 08E6BBB82EAFF5D100DD237C /* Model.framework */; };
		08E6BBCB2EAFF5D100DD237C /* Model.framework in Frameworks */ = {isa = PBXBuildFile; fileRef = 08E6BBB82EAFF5D100DD237C /* Model.framework */; };
		08E6BBCC2EAFF5D100DD237C /* Model.framework in Embed Frameworks */ = {isa = PBXBuildFile; fileRef = 08E6BBB82EAFF5D100DD237C /* Model.framework */; settings = {ATTRIBUTES = (CodeSignOnCopy, RemoveHeadersOnCopy, ); }; };
		08F230C32EB7B817007CB56A /* WidgetKit.framework in Frameworks */ = {isa = PBXBuildFile; fileRef = 08E6BC152EB00D6500DD237C /* WidgetKit.framework */; };
		08F230C42EB7B817007CB56A /* SwiftUI.framework in Frameworks */ = {isa = PBXBuildFile; fileRef = 08E6BC172EB00D6500DD237C /* SwiftUI.framework */; };
		08F230D12EB7B818007CB56A /* DashboardWidgetExtension.appex in Embed Foundation Extensions */ = {isa = PBXBuildFile; fileRef = 08F230C22EB7B817007CB56A /* DashboardWidgetExtension.appex */; settings = {ATTRIBUTES = (RemoveHeadersOnCopy, ); }; };
		08F230D62EB7B831007CB56A /* Model.framework in Frameworks */ = {isa = PBXBuildFile; fileRef = 08E6BBB82EAFF5D100DD237C /* Model.framework */; };
/* End PBXBuildFile section */

/* Begin PBXContainerItemProxy section */
		0814D47D2E8D4E7F0073412C /* PBXContainerItemProxy */ = {
			isa = PBXContainerItemProxy;
			containerPortal = 0814D4662E8D4E7E0073412C /* Project object */;
			proxyType = 1;
			remoteGlobalIDString = 0814D46D2E8D4E7E0073412C;
			remoteInfo = FullScreenClock;
		};
		0814D4872E8D4E7F0073412C /* PBXContainerItemProxy */ = {
			isa = PBXContainerItemProxy;
			containerPortal = 0814D4662E8D4E7E0073412C /* Project object */;
			proxyType = 1;
			remoteGlobalIDString = 0814D46D2E8D4E7E0073412C;
			remoteInfo = FullScreenClock;
		};
		081CCAF32EB505590095A859 /* PBXContainerItemProxy */ = {
			isa = PBXContainerItemProxy;
			containerPortal = 0814D4662E8D4E7E0073412C /* Project object */;
			proxyType = 1;
			remoteGlobalIDString = 08E6BC122EB00D6500DD237C;
			remoteInfo = BabyDashboardWatchWidgetExtension;
		};
		081CCAF52EB505750095A859 /* PBXContainerItemProxy */ = {
			isa = PBXContainerItemProxy;
			containerPortal = 0814D4662E8D4E7E0073412C /* Project object */;
			proxyType = 1;
			remoteGlobalIDString = 08E6BC122EB00D6500DD237C;
			remoteInfo = BabyDashboardWatchWidgetExtension;
		};
		08E6BBC22EAFF5D100DD237C /* PBXContainerItemProxy */ = {
			isa = PBXContainerItemProxy;
			containerPortal = 0814D4662E8D4E7E0073412C /* Project object */;
			proxyType = 1;
			remoteGlobalIDString = 08E6BBB72EAFF5D100DD237C;
			remoteInfo = Model;
		};
		08E6BBC42EAFF5D100DD237C /* PBXContainerItemProxy */ = {
			isa = PBXContainerItemProxy;
			containerPortal = 0814D4662E8D4E7E0073412C /* Project object */;
			proxyType = 1;
			remoteGlobalIDString = 0814D46D2E8D4E7E0073412C;
			remoteInfo = FullScreenClock;
		};
		08E6BBC92EAFF5D100DD237C /* PBXContainerItemProxy */ = {
			isa = PBXContainerItemProxy;
			containerPortal = 0814D4662E8D4E7E0073412C /* Project object */;
			proxyType = 1;
			remoteGlobalIDString = 08E6BBB72EAFF5D100DD237C;
			remoteInfo = Model;
		};
		08F230CF2EB7B818007CB56A /* PBXContainerItemProxy */ = {
			isa = PBXContainerItemProxy;
			containerPortal = 0814D4662E8D4E7E0073412C /* Project object */;
			proxyType = 1;
			remoteGlobalIDString = 08F230C12EB7B817007CB56A;
			remoteInfo = DashboardWidgetExtension;
		};
		08F230D82EB7B831007CB56A /* PBXContainerItemProxy */ = {
			isa = PBXContainerItemProxy;
			containerPortal = 0814D4662E8D4E7E0073412C /* Project object */;
			proxyType = 1;
			remoteGlobalIDString = 08E6BBB72EAFF5D100DD237C;
			remoteInfo = Model;
		};
/* End PBXContainerItemProxy section */

/* Begin PBXCopyFilesBuildPhase section */
		081CCAF22EB5054E0095A859 /* Embed Foundation Extensions */ = {
			isa = PBXCopyFilesBuildPhase;
			buildActionMask = 2147483647;
			dstPath = "";
			dstSubfolderSpec = 13;
			files = (
				08F230D12EB7B818007CB56A /* DashboardWidgetExtension.appex in Embed Foundation Extensions */,
			);
			name = "Embed Foundation Extensions";
			runOnlyForDeploymentPostprocessing = 0;
		};
		08E6BBD02EAFF5D100DD237C /* Embed Frameworks */ = {
			isa = PBXCopyFilesBuildPhase;
			buildActionMask = 2147483647;
			dstPath = "";
			dstSubfolderSpec = 10;
			files = (
				08E6BBCC2EAFF5D100DD237C /* Model.framework in Embed Frameworks */,
			);
			name = "Embed Frameworks";
			runOnlyForDeploymentPostprocessing = 0;
		};
		08E6BC082EAFF8E200DD237C /* Embed Watch Content */ = {
			isa = PBXCopyFilesBuildPhase;
			buildActionMask = 2147483647;
			dstPath = "$(CONTENTS_FOLDER_PATH)/Watch";
			dstSubfolderSpec = 16;
			files = (
			);
			name = "Embed Watch Content";
			runOnlyForDeploymentPostprocessing = 0;
		};
/* End PBXCopyFilesBuildPhase section */

/* Begin PBXFileReference section */
		0814D46E2E8D4E7E0073412C /* BabyDashboard.app */ = {isa = PBXFileReference; explicitFileType = wrapper.application; includeInIndex = 0; path = BabyDashboard.app; sourceTree = BUILT_PRODUCTS_DIR; };
		0814D47C2E8D4E7F0073412C /* BabyDashboardTests.xctest */ = {isa = PBXFileReference; explicitFileType = wrapper.cfbundle; includeInIndex = 0; path = BabyDashboardTests.xctest; sourceTree = BUILT_PRODUCTS_DIR; };
		0814D4862E8D4E7F0073412C /* BabyDashboardUITests.xctest */ = {isa = PBXFileReference; explicitFileType = wrapper.cfbundle; includeInIndex = 0; path = BabyDashboardUITests.xctest; sourceTree = BUILT_PRODUCTS_DIR; };
		08C1FF392ED6D4A800156ED3 /* BabyDashboard.xctestplan */ = {isa = PBXFileReference; lastKnownFileType = text; path = BabyDashboard.xctestplan; sourceTree = "<group>"; };
		08E6BBB82EAFF5D100DD237C /* Model.framework */ = {isa = PBXFileReference; explicitFileType = wrapper.framework; includeInIndex = 0; path = Model.framework; sourceTree = BUILT_PRODUCTS_DIR; };
		08E6BBC02EAFF5D100DD237C /* ModelTests.xctest */ = {isa = PBXFileReference; explicitFileType = wrapper.cfbundle; includeInIndex = 0; path = ModelTests.xctest; sourceTree = BUILT_PRODUCTS_DIR; };
		08E6BC152EB00D6500DD237C /* WidgetKit.framework */ = {isa = PBXFileReference; lastKnownFileType = wrapper.framework; name = WidgetKit.framework; path = System/Library/Frameworks/WidgetKit.framework; sourceTree = SDKROOT; };
		08E6BC172EB00D6500DD237C /* SwiftUI.framework */ = {isa = PBXFileReference; lastKnownFileType = wrapper.framework; name = SwiftUI.framework; path = System/Library/Frameworks/SwiftUI.framework; sourceTree = SDKROOT; };
		08F230C22EB7B817007CB56A /* DashboardWidgetExtension.appex */ = {isa = PBXFileReference; explicitFileType = "wrapper.app-extension"; includeInIndex = 0; path = DashboardWidgetExtension.appex; sourceTree = BUILT_PRODUCTS_DIR; };
		08F230DB2EB7B85C007CB56A /* DashboardWidgetExtension.entitlements */ = {isa = PBXFileReference; lastKnownFileType = text.plist.entitlements; path = DashboardWidgetExtension.entitlements; sourceTree = "<group>"; };
/* End PBXFileReference section */

/* Begin PBXFileSystemSynchronizedBuildFileExceptionSet section */
		087DCDD32EBB375900487EC1 /* Exceptions for "Config" folder in "DashboardWidgetExtension" target */ = {
			isa = PBXFileSystemSynchronizedBuildFileExceptionSet;
			membershipExceptions = (
				Base.xcconfig,
				Debug.xcconfig,
				Release.xcconfig,
			);
			target = 08F230C12EB7B817007CB56A /* DashboardWidgetExtension */;
		};
		08EF111B2EAD5EE7001FF604 /* Exceptions for "BabyDashboard" folder in "BabyDashboard" target */ = {
			isa = PBXFileSystemSynchronizedBuildFileExceptionSet;
			membershipExceptions = (
				Info.plist,
			);
			target = 0814D46D2E8D4E7E0073412C /* BabyDashboard */;
		};
		08F230D52EB7B818007CB56A /* Exceptions for "DashboardWidget" folder in "DashboardWidgetExtension" target */ = {
			isa = PBXFileSystemSynchronizedBuildFileExceptionSet;
			membershipExceptions = (
				Info.plist,
			);
			target = 08F230C12EB7B817007CB56A /* DashboardWidgetExtension */;
		};
		08F230EB2EB7CB5B007CB56A /* Exceptions for "Model" folder in "BabyDashboard" target */ = {
			isa = PBXFileSystemSynchronizedBuildFileExceptionSet;
			membershipExceptions = (
				AppEntity.swift,
			);
			target = 0814D46D2E8D4E7E0073412C /* BabyDashboard */;
		};
		08F230EC2EB7CB5B007CB56A /* Exceptions for "Model" folder in "DashboardWidgetExtension" target */ = {
			isa = PBXFileSystemSynchronizedBuildFileExceptionSet;
			membershipExceptions = (
				AppEntity.swift,
			);
			target = 08F230C12EB7B817007CB56A /* DashboardWidgetExtension */;
		};
		08F230ED2EB7CB84007CB56A /* Exceptions for "Model" folder in "Model" target */ = {
			isa = PBXFileSystemSynchronizedBuildFileExceptionSet;
			membershipExceptions = (
				AppEntity.swift,
			);
			target = 08E6BBB72EAFF5D100DD237C /* Model */;
		};
/* End PBXFileSystemSynchronizedBuildFileExceptionSet section */

/* Begin PBXFileSystemSynchronizedRootGroup section */
		0814D4702E8D4E7E0073412C /* BabyDashboard */ = {
			isa = PBXFileSystemSynchronizedRootGroup;
			exceptions = (
				08EF111B2EAD5EE7001FF604 /* Exceptions for "BabyDashboard" folder in "BabyDashboard" target */,
			);
			path = BabyDashboard;
			sourceTree = "<group>";
		};
		0814D47F2E8D4E7F0073412C /* BabyDashboardTests */ = {
			isa = PBXFileSystemSynchronizedRootGroup;
			path = BabyDashboardTests;
			sourceTree = "<group>";
		};
		0814D4892E8D4E7F0073412C /* BabyDashboardUITests */ = {
			isa = PBXFileSystemSynchronizedRootGroup;
			path = BabyDashboardUITests;
			sourceTree = "<group>";
		};
		087DCDCC2EBB352A00487EC1 /* Config */ = {
			isa = PBXFileSystemSynchronizedRootGroup;
			exceptions = (
				087DCDD32EBB375900487EC1 /* Exceptions for "Config" folder in "DashboardWidgetExtension" target */,
			);
			path = Config;
			sourceTree = "<group>";
		};
		08E6BBB92EAFF5D100DD237C /* Model */ = {
			isa = PBXFileSystemSynchronizedRootGroup;
			exceptions = (
				08F230EB2EB7CB5B007CB56A /* Exceptions for "Model" folder in "BabyDashboard" target */,
				08F230ED2EB7CB84007CB56A /* Exceptions for "Model" folder in "Model" target */,
				08F230EC2EB7CB5B007CB56A /* Exceptions for "Model" folder in "DashboardWidgetExtension" target */,
			);
			path = Model;
			sourceTree = "<group>";
		};
		08E6BBC62EAFF5D100DD237C /* ModelTests */ = {
			isa = PBXFileSystemSynchronizedRootGroup;
			path = ModelTests;
			sourceTree = "<group>";
		};
		08F230C52EB7B817007CB56A /* DashboardWidget */ = {
			isa = PBXFileSystemSynchronizedRootGroup;
			exceptions = (
				08F230D52EB7B818007CB56A /* Exceptions for "DashboardWidget" folder in "DashboardWidgetExtension" target */,
			);
			path = DashboardWidget;
			sourceTree = "<group>";
		};
/* End PBXFileSystemSynchronizedRootGroup section */

/* Begin PBXFrameworksBuildPhase section */
		0814D46B2E8D4E7E0073412C /* Frameworks */ = {
			isa = PBXFrameworksBuildPhase;
			buildActionMask = 2147483647;
			files = (
				08E6BBCB2EAFF5D100DD237C /* Model.framework in Frameworks */,
			);
			runOnlyForDeploymentPostprocessing = 0;
		};
		0814D4792E8D4E7F0073412C /* Frameworks */ = {
			isa = PBXFrameworksBuildPhase;
			buildActionMask = 2147483647;
			files = (
			);
			runOnlyForDeploymentPostprocessing = 0;
		};
		0814D4832E8D4E7F0073412C /* Frameworks */ = {
			isa = PBXFrameworksBuildPhase;
			buildActionMask = 2147483647;
			files = (
			);
			runOnlyForDeploymentPostprocessing = 0;
		};
		08E6BBB52EAFF5D100DD237C /* Frameworks */ = {
			isa = PBXFrameworksBuildPhase;
			buildActionMask = 2147483647;
			files = (
			);
			runOnlyForDeploymentPostprocessing = 0;
		};
		08E6BBBD2EAFF5D100DD237C /* Frameworks */ = {
			isa = PBXFrameworksBuildPhase;
			buildActionMask = 2147483647;
			files = (
				08E6BBC12EAFF5D100DD237C /* Model.framework in Frameworks */,
			);
			runOnlyForDeploymentPostprocessing = 0;
		};
		08F230BF2EB7B817007CB56A /* Frameworks */ = {
			isa = PBXFrameworksBuildPhase;
			buildActionMask = 2147483647;
			files = (
				08F230C42EB7B817007CB56A /* SwiftUI.framework in Frameworks */,
				08F230D62EB7B831007CB56A /* Model.framework in Frameworks */,
				08F230C32EB7B817007CB56A /* WidgetKit.framework in Frameworks */,
			);
			runOnlyForDeploymentPostprocessing = 0;
		};
/* End PBXFrameworksBuildPhase section */

/* Begin PBXGroup section */
		0814D4652E8D4E7E0073412C = {
			isa = PBXGroup;
			children = (
				08C1FF392ED6D4A800156ED3 /* BabyDashboard.xctestplan */,
				08F230DB2EB7B85C007CB56A /* DashboardWidgetExtension.entitlements */,
				087DCDCC2EBB352A00487EC1 /* Config */,
				0814D4702E8D4E7E0073412C /* BabyDashboard */,
				0814D47F2E8D4E7F0073412C /* BabyDashboardTests */,
				0814D4892E8D4E7F0073412C /* BabyDashboardUITests */,
				08E6BBB92EAFF5D100DD237C /* Model */,
				08E6BBC62EAFF5D100DD237C /* ModelTests */,
				08F230C52EB7B817007CB56A /* DashboardWidget */,
				08E6BC142EB00D6500DD237C /* Frameworks */,
				0814D46F2E8D4E7E0073412C /* Products */,
			);
			sourceTree = "<group>";
		};
		0814D46F2E8D4E7E0073412C /* Products */ = {
			isa = PBXGroup;
			children = (
				0814D46E2E8D4E7E0073412C /* BabyDashboard.app */,
				0814D47C2E8D4E7F0073412C /* BabyDashboardTests.xctest */,
				0814D4862E8D4E7F0073412C /* BabyDashboardUITests.xctest */,
				08E6BBB82EAFF5D100DD237C /* Model.framework */,
				08E6BBC02EAFF5D100DD237C /* ModelTests.xctest */,
				08F230C22EB7B817007CB56A /* DashboardWidgetExtension.appex */,
			);
			name = Products;
			sourceTree = "<group>";
		};
		08E6BC142EB00D6500DD237C /* Frameworks */ = {
			isa = PBXGroup;
			children = (
				08E6BC152EB00D6500DD237C /* WidgetKit.framework */,
				08E6BC172EB00D6500DD237C /* SwiftUI.framework */,
			);
			name = Frameworks;
			sourceTree = "<group>";
		};
/* End PBXGroup section */

/* Begin PBXHeadersBuildPhase section */
		08E6BBB32EAFF5D100DD237C /* Headers */ = {
			isa = PBXHeadersBuildPhase;
			buildActionMask = 2147483647;
			files = (
			);
			runOnlyForDeploymentPostprocessing = 0;
		};
/* End PBXHeadersBuildPhase section */

/* Begin PBXNativeTarget section */
		0814D46D2E8D4E7E0073412C /* BabyDashboard */ = {
			isa = PBXNativeTarget;
			buildConfigurationList = 0814D4902E8D4E7F0073412C /* Build configuration list for PBXNativeTarget "BabyDashboard" */;
			buildPhases = (
				0814D46A2E8D4E7E0073412C /* Sources */,
				0814D46B2E8D4E7E0073412C /* Frameworks */,
				0814D46C2E8D4E7E0073412C /* Resources */,
				08E6BBD02EAFF5D100DD237C /* Embed Frameworks */,
				08E6BC082EAFF8E200DD237C /* Embed Watch Content */,
				081CCAF22EB5054E0095A859 /* Embed Foundation Extensions */,
			);
			buildRules = (
			);
			dependencies = (
				08E6BBCA2EAFF5D100DD237C /* PBXTargetDependency */,
				081CCAF42EB505590095A859 /* PBXTargetDependency */,
				081CCAF62EB505750095A859 /* PBXTargetDependency */,
				08F230D02EB7B818007CB56A /* PBXTargetDependency */,
			);
			fileSystemSynchronizedGroups = (
				0814D4702E8D4E7E0073412C /* BabyDashboard */,
			);
			name = BabyDashboard;
			packageProductDependencies = (
			);
			productName = FullScreenClock;
			productReference = 0814D46E2E8D4E7E0073412C /* BabyDashboard.app */;
			productType = "com.apple.product-type.application";
		};
		0814D47B2E8D4E7F0073412C /* BabyDashboardTests */ = {
			isa = PBXNativeTarget;
			buildConfigurationList = 0814D4932E8D4E7F0073412C /* Build configuration list for PBXNativeTarget "BabyDashboardTests" */;
			buildPhases = (
				0814D4782E8D4E7F0073412C /* Sources */,
				0814D4792E8D4E7F0073412C /* Frameworks */,
				0814D47A2E8D4E7F0073412C /* Resources */,
			);
			buildRules = (
			);
			dependencies = (
				0814D47E2E8D4E7F0073412C /* PBXTargetDependency */,
			);
			fileSystemSynchronizedGroups = (
				0814D47F2E8D4E7F0073412C /* BabyDashboardTests */,
			);
			name = BabyDashboardTests;
			packageProductDependencies = (
			);
			productName = FullScreenClockTests;
			productReference = 0814D47C2E8D4E7F0073412C /* BabyDashboardTests.xctest */;
			productType = "com.apple.product-type.bundle.unit-test";
		};
		0814D4852E8D4E7F0073412C /* BabyDashboardUITests */ = {
			isa = PBXNativeTarget;
			buildConfigurationList = 0814D4962E8D4E7F0073412C /* Build configuration list for PBXNativeTarget "BabyDashboardUITests" */;
			buildPhases = (
				0814D4822E8D4E7F0073412C /* Sources */,
				0814D4832E8D4E7F0073412C /* Frameworks */,
				0814D4842E8D4E7F0073412C /* Resources */,
			);
			buildRules = (
			);
			dependencies = (
				0814D4882E8D4E7F0073412C /* PBXTargetDependency */,
			);
			fileSystemSynchronizedGroups = (
				0814D4892E8D4E7F0073412C /* BabyDashboardUITests */,
			);
			name = BabyDashboardUITests;
			packageProductDependencies = (
			);
			productName = FullScreenClockUITests;
			productReference = 0814D4862E8D4E7F0073412C /* BabyDashboardUITests.xctest */;
			productType = "com.apple.product-type.bundle.ui-testing";
		};
		08E6BBB72EAFF5D100DD237C /* Model */ = {
			isa = PBXNativeTarget;
			buildConfigurationList = 08E6BBCD2EAFF5D100DD237C /* Build configuration list for PBXNativeTarget "Model" */;
			buildPhases = (
				08E6BBB32EAFF5D100DD237C /* Headers */,
				08E6BBB42EAFF5D100DD237C /* Sources */,
				08E6BBB52EAFF5D100DD237C /* Frameworks */,
				08E6BBB62EAFF5D100DD237C /* Resources */,
			);
			buildRules = (
			);
			dependencies = (
			);
			fileSystemSynchronizedGroups = (
				08E6BBB92EAFF5D100DD237C /* Model */,
			);
			name = Model;
			packageProductDependencies = (
			);
			productName = Model;
			productReference = 08E6BBB82EAFF5D100DD237C /* Model.framework */;
			productType = "com.apple.product-type.framework";
		};
		08E6BBBF2EAFF5D100DD237C /* ModelTests */ = {
			isa = PBXNativeTarget;
			buildConfigurationList = 08E6BBD12EAFF5D100DD237C /* Build configuration list for PBXNativeTarget "ModelTests" */;
			buildPhases = (
				08E6BBBC2EAFF5D100DD237C /* Sources */,
				08E6BBBD2EAFF5D100DD237C /* Frameworks */,
				08E6BBBE2EAFF5D100DD237C /* Resources */,
			);
			buildRules = (
			);
			dependencies = (
				08E6BBC32EAFF5D100DD237C /* PBXTargetDependency */,
				08E6BBC52EAFF5D100DD237C /* PBXTargetDependency */,
			);
			fileSystemSynchronizedGroups = (
				08E6BBC62EAFF5D100DD237C /* ModelTests */,
			);
			name = ModelTests;
			packageProductDependencies = (
			);
			productName = ModelTests;
			productReference = 08E6BBC02EAFF5D100DD237C /* ModelTests.xctest */;
			productType = "com.apple.product-type.bundle.unit-test";
		};
		08F230C12EB7B817007CB56A /* DashboardWidgetExtension */ = {
			isa = PBXNativeTarget;
			buildConfigurationList = 08F230D22EB7B818007CB56A /* Build configuration list for PBXNativeTarget "DashboardWidgetExtension" */;
			buildPhases = (
				08F230BE2EB7B817007CB56A /* Sources */,
				08F230BF2EB7B817007CB56A /* Frameworks */,
				08F230C02EB7B817007CB56A /* Resources */,
			);
			buildRules = (
			);
			dependencies = (
				08F230D92EB7B831007CB56A /* PBXTargetDependency */,
			);
			fileSystemSynchronizedGroups = (
				087DCDCC2EBB352A00487EC1 /* Config */,
				08F230C52EB7B817007CB56A /* DashboardWidget */,
			);
			name = DashboardWidgetExtension;
			packageProductDependencies = (
			);
			productName = DashboardWidgetExtension;
			productReference = 08F230C22EB7B817007CB56A /* DashboardWidgetExtension.appex */;
			productType = "com.apple.product-type.app-extension";
		};
/* End PBXNativeTarget section */

/* Begin PBXProject section */
		0814D4662E8D4E7E0073412C /* Project object */ = {
			isa = PBXProject;
			attributes = {
				BuildIndependentTargetsInParallel = 1;
				LastSwiftUpdateCheck = 2600;
				LastUpgradeCheck = 2600;
				TargetAttributes = {
					0814D46D2E8D4E7E0073412C = {
						CreatedOnToolsVersion = 16.4;
					};
					0814D47B2E8D4E7F0073412C = {
						CreatedOnToolsVersion = 16.4;
						TestTargetID = 0814D46D2E8D4E7E0073412C;
					};
					0814D4852E8D4E7F0073412C = {
						CreatedOnToolsVersion = 16.4;
						TestTargetID = 0814D46D2E8D4E7E0073412C;
					};
					08E6BBB72EAFF5D100DD237C = {
						CreatedOnToolsVersion = 26.0.1;
					};
					08E6BBBF2EAFF5D100DD237C = {
						CreatedOnToolsVersion = 26.0.1;
						TestTargetID = 0814D46D2E8D4E7E0073412C;
					};
					08F230C12EB7B817007CB56A = {
						CreatedOnToolsVersion = 26.0.1;
					};
				};
			};
			buildConfigurationList = 0814D4692E8D4E7E0073412C /* Build configuration list for PBXProject "BabyDashboard" */;
			developmentRegion = en;
			hasScannedForEncodings = 0;
			knownRegions = (
				en,
				Base,
				ko,
			);
			mainGroup = 0814D4652E8D4E7E0073412C;
			minimizedProjectReferenceProxies = 1;
			packageReferences = (
			);
			preferredProjectObjectVersion = 77;
			productRefGroup = 0814D46F2E8D4E7E0073412C /* Products */;
			projectDirPath = "";
			projectRoot = "";
			targets = (
				0814D46D2E8D4E7E0073412C /* BabyDashboard */,
				0814D47B2E8D4E7F0073412C /* BabyDashboardTests */,
				0814D4852E8D4E7F0073412C /* BabyDashboardUITests */,
				08E6BBB72EAFF5D100DD237C /* Model */,
				08E6BBBF2EAFF5D100DD237C /* ModelTests */,
				08F230C12EB7B817007CB56A /* DashboardWidgetExtension */,
			);
		};
/* End PBXProject section */

/* Begin PBXResourcesBuildPhase section */
		0814D46C2E8D4E7E0073412C /* Resources */ = {
			isa = PBXResourcesBuildPhase;
			buildActionMask = 2147483647;
			files = (
			);
			runOnlyForDeploymentPostprocessing = 0;
		};
		0814D47A2E8D4E7F0073412C /* Resources */ = {
			isa = PBXResourcesBuildPhase;
			buildActionMask = 2147483647;
			files = (
			);
			runOnlyForDeploymentPostprocessing = 0;
		};
		0814D4842E8D4E7F0073412C /* Resources */ = {
			isa = PBXResourcesBuildPhase;
			buildActionMask = 2147483647;
			files = (
			);
			runOnlyForDeploymentPostprocessing = 0;
		};
		08E6BBB62EAFF5D100DD237C /* Resources */ = {
			isa = PBXResourcesBuildPhase;
			buildActionMask = 2147483647;
			files = (
			);
			runOnlyForDeploymentPostprocessing = 0;
		};
		08E6BBBE2EAFF5D100DD237C /* Resources */ = {
			isa = PBXResourcesBuildPhase;
			buildActionMask = 2147483647;
			files = (
			);
			runOnlyForDeploymentPostprocessing = 0;
		};
		08F230C02EB7B817007CB56A /* Resources */ = {
			isa = PBXResourcesBuildPhase;
			buildActionMask = 2147483647;
			files = (
			);
			runOnlyForDeploymentPostprocessing = 0;
		};
/* End PBXResourcesBuildPhase section */

/* Begin PBXSourcesBuildPhase section */
		0814D46A2E8D4E7E0073412C /* Sources */ = {
			isa = PBXSourcesBuildPhase;
			buildActionMask = 2147483647;
			files = (
			);
			runOnlyForDeploymentPostprocessing = 0;
		};
		0814D4782E8D4E7F0073412C /* Sources */ = {
			isa = PBXSourcesBuildPhase;
			buildActionMask = 2147483647;
			files = (
			);
			runOnlyForDeploymentPostprocessing = 0;
		};
		0814D4822E8D4E7F0073412C /* Sources */ = {
			isa = PBXSourcesBuildPhase;
			buildActionMask = 2147483647;
			files = (
			);
			runOnlyForDeploymentPostprocessing = 0;
		};
		08E6BBB42EAFF5D100DD237C /* Sources */ = {
			isa = PBXSourcesBuildPhase;
			buildActionMask = 2147483647;
			files = (
			);
			runOnlyForDeploymentPostprocessing = 0;
		};
		08E6BBBC2EAFF5D100DD237C /* Sources */ = {
			isa = PBXSourcesBuildPhase;
			buildActionMask = 2147483647;
			files = (
			);
			runOnlyForDeploymentPostprocessing = 0;
		};
		08F230BE2EB7B817007CB56A /* Sources */ = {
			isa = PBXSourcesBuildPhase;
			buildActionMask = 2147483647;
			files = (
			);
			runOnlyForDeploymentPostprocessing = 0;
		};
/* End PBXSourcesBuildPhase section */

/* Begin PBXTargetDependency section */
		0814D47E2E8D4E7F0073412C /* PBXTargetDependency */ = {
			isa = PBXTargetDependency;
			target = 0814D46D2E8D4E7E0073412C /* BabyDashboard */;
			targetProxy = 0814D47D2E8D4E7F0073412C /* PBXContainerItemProxy */;
		};
		0814D4882E8D4E7F0073412C /* PBXTargetDependency */ = {
			isa = PBXTargetDependency;
			target = 0814D46D2E8D4E7E0073412C /* BabyDashboard */;
			targetProxy = 0814D4872E8D4E7F0073412C /* PBXContainerItemProxy */;
		};
		081CCAF42EB505590095A859 /* PBXTargetDependency */ = {
			isa = PBXTargetDependency;
			targetProxy = 081CCAF32EB505590095A859 /* PBXContainerItemProxy */;
		};
		081CCAF62EB505750095A859 /* PBXTargetDependency */ = {
			isa = PBXTargetDependency;
			targetProxy = 081CCAF52EB505750095A859 /* PBXContainerItemProxy */;
		};
		08E6BBC32EAFF5D100DD237C /* PBXTargetDependency */ = {
			isa = PBXTargetDependency;
			target = 08E6BBB72EAFF5D100DD237C /* Model */;
			targetProxy = 08E6BBC22EAFF5D100DD237C /* PBXContainerItemProxy */;
		};
		08E6BBC52EAFF5D100DD237C /* PBXTargetDependency */ = {
			isa = PBXTargetDependency;
			target = 0814D46D2E8D4E7E0073412C /* BabyDashboard */;
			targetProxy = 08E6BBC42EAFF5D100DD237C /* PBXContainerItemProxy */;
		};
		08E6BBCA2EAFF5D100DD237C /* PBXTargetDependency */ = {
			isa = PBXTargetDependency;
			target = 08E6BBB72EAFF5D100DD237C /* Model */;
			targetProxy = 08E6BBC92EAFF5D100DD237C /* PBXContainerItemProxy */;
		};
		08F230D02EB7B818007CB56A /* PBXTargetDependency */ = {
			isa = PBXTargetDependency;
			target = 08F230C12EB7B817007CB56A /* DashboardWidgetExtension */;
			targetProxy = 08F230CF2EB7B818007CB56A /* PBXContainerItemProxy */;
		};
		08F230D92EB7B831007CB56A /* PBXTargetDependency */ = {
			isa = PBXTargetDependency;
			target = 08E6BBB72EAFF5D100DD237C /* Model */;
			targetProxy = 08F230D82EB7B831007CB56A /* PBXContainerItemProxy */;
		};
/* End PBXTargetDependency section */

/* Begin XCBuildConfiguration section */
		0814D48E2E8D4E7F0073412C /* Debug */ = {
			isa = XCBuildConfiguration;
			buildSettings = {
				ALWAYS_SEARCH_USER_PATHS = NO;
				ASSETCATALOG_COMPILER_GENERATE_SWIFT_ASSET_SYMBOL_EXTENSIONS = YES;
				CLANG_ANALYZER_LOCALIZABILITY_NONLOCALIZED = YES;
				CLANG_ANALYZER_NONNULL = YES;
				CLANG_ANALYZER_NUMBER_OBJECT_CONVERSION = YES_AGGRESSIVE;
				CLANG_CXX_LANGUAGE_STANDARD = "gnu++20";
				CLANG_ENABLE_MODULES = YES;
				CLANG_ENABLE_OBJC_ARC = YES;
				CLANG_ENABLE_OBJC_WEAK = YES;
				CLANG_WARN_BLOCK_CAPTURE_AUTORELEASING = YES;
				CLANG_WARN_BOOL_CONVERSION = YES;
				CLANG_WARN_COMMA = YES;
				CLANG_WARN_CONSTANT_CONVERSION = YES;
				CLANG_WARN_DEPRECATED_OBJC_IMPLEMENTATIONS = YES;
				CLANG_WARN_DIRECT_OBJC_ISA_USAGE = YES_ERROR;
				CLANG_WARN_DOCUMENTATION_COMMENTS = YES;
				CLANG_WARN_EMPTY_BODY = YES;
				CLANG_WARN_ENUM_CONVERSION = YES;
				CLANG_WARN_INFINITE_RECURSION = YES;
				CLANG_WARN_INT_CONVERSION = YES;
				CLANG_WARN_NON_LITERAL_NULL_CONVERSION = YES;
				CLANG_WARN_OBJC_IMPLICIT_RETAIN_SELF = YES;
				CLANG_WARN_OBJC_LITERAL_CONVERSION = YES;
				CLANG_WARN_OBJC_ROOT_CLASS = YES_ERROR;
				CLANG_WARN_QUOTED_INCLUDE_IN_FRAMEWORK_HEADER = YES;
				CLANG_WARN_RANGE_LOOP_ANALYSIS = YES;
				CLANG_WARN_STRICT_PROTOTYPES = YES;
				CLANG_WARN_SUSPICIOUS_MOVE = YES;
				CLANG_WARN_UNGUARDED_AVAILABILITY = YES_AGGRESSIVE;
				CLANG_WARN_UNREACHABLE_CODE = YES;
				CLANG_WARN__DUPLICATE_METHOD_MATCH = YES;
				COPY_PHASE_STRIP = NO;
				DEAD_CODE_STRIPPING = YES;
				DEBUG_INFORMATION_FORMAT = dwarf;
				DEVELOPMENT_TEAM = 7KT5X239S9;
				ENABLE_STRICT_OBJC_MSGSEND = YES;
				ENABLE_TESTABILITY = YES;
				ENABLE_USER_SCRIPT_SANDBOXING = YES;
				GCC_C_LANGUAGE_STANDARD = gnu17;
				GCC_DYNAMIC_NO_PIC = NO;
				GCC_NO_COMMON_BLOCKS = YES;
				GCC_OPTIMIZATION_LEVEL = 0;
				GCC_PREPROCESSOR_DEFINITIONS = (
					"DEBUG=1",
					"$(inherited)",
				);
				GCC_WARN_64_TO_32_BIT_CONVERSION = YES;
				GCC_WARN_ABOUT_RETURN_TYPE = YES_ERROR;
				GCC_WARN_UNDECLARED_SELECTOR = YES;
				GCC_WARN_UNINITIALIZED_AUTOS = YES_AGGRESSIVE;
				GCC_WARN_UNUSED_FUNCTION = YES;
				GCC_WARN_UNUSED_VARIABLE = YES;
				LOCALIZATION_PREFERS_STRING_CATALOGS = YES;
				MTL_ENABLE_DEBUG_INFO = INCLUDE_SOURCE;
				MTL_FAST_MATH = YES;
				ONLY_ACTIVE_ARCH = YES;
				STRING_CATALOG_GENERATE_SYMBOLS = YES;
				SWIFT_ACTIVE_COMPILATION_CONDITIONS = "DEBUG $(inherited)";
				SWIFT_EMIT_LOC_STRINGS = YES;
				SWIFT_OPTIMIZATION_LEVEL = "-Onone";
			};
			name = Debug;
		};
		0814D48F2E8D4E7F0073412C /* Release */ = {
			isa = XCBuildConfiguration;
			baseConfigurationReferenceAnchor = 087DCDCC2EBB352A00487EC1 /* Config */;
			baseConfigurationReferenceRelativePath = Release.xcconfig;
			buildSettings = {
				ALWAYS_SEARCH_USER_PATHS = NO;
				ASSETCATALOG_COMPILER_GENERATE_SWIFT_ASSET_SYMBOL_EXTENSIONS = YES;
				CLANG_ANALYZER_LOCALIZABILITY_NONLOCALIZED = YES;
				CLANG_ANALYZER_NONNULL = YES;
				CLANG_ANALYZER_NUMBER_OBJECT_CONVERSION = YES_AGGRESSIVE;
				CLANG_CXX_LANGUAGE_STANDARD = "gnu++20";
				CLANG_ENABLE_MODULES = YES;
				CLANG_ENABLE_OBJC_ARC = YES;
				CLANG_ENABLE_OBJC_WEAK = YES;
				CLANG_WARN_BLOCK_CAPTURE_AUTORELEASING = YES;
				CLANG_WARN_BOOL_CONVERSION = YES;
				CLANG_WARN_COMMA = YES;
				CLANG_WARN_CONSTANT_CONVERSION = YES;
				CLANG_WARN_DEPRECATED_OBJC_IMPLEMENTATIONS = YES;
				CLANG_WARN_DIRECT_OBJC_ISA_USAGE = YES_ERROR;
				CLANG_WARN_DOCUMENTATION_COMMENTS = YES;
				CLANG_WARN_EMPTY_BODY = YES;
				CLANG_WARN_ENUM_CONVERSION = YES;
				CLANG_WARN_INFINITE_RECURSION = YES;
				CLANG_WARN_INT_CONVERSION = YES;
				CLANG_WARN_NON_LITERAL_NULL_CONVERSION = YES;
				CLANG_WARN_OBJC_IMPLICIT_RETAIN_SELF = YES;
				CLANG_WARN_OBJC_LITERAL_CONVERSION = YES;
				CLANG_WARN_OBJC_ROOT_CLASS = YES_ERROR;
				CLANG_WARN_QUOTED_INCLUDE_IN_FRAMEWORK_HEADER = YES;
				CLANG_WARN_RANGE_LOOP_ANALYSIS = YES;
				CLANG_WARN_STRICT_PROTOTYPES = YES;
				CLANG_WARN_SUSPICIOUS_MOVE = YES;
				CLANG_WARN_UNGUARDED_AVAILABILITY = YES_AGGRESSIVE;
				CLANG_WARN_UNREACHABLE_CODE = YES;
				CLANG_WARN__DUPLICATE_METHOD_MATCH = YES;
				COPY_PHASE_STRIP = NO;
				DEAD_CODE_STRIPPING = YES;
				DEBUG_INFORMATION_FORMAT = "dwarf-with-dsym";
				DEVELOPMENT_TEAM = 7KT5X239S9;
				ENABLE_NS_ASSERTIONS = NO;
				ENABLE_STRICT_OBJC_MSGSEND = YES;
				ENABLE_USER_SCRIPT_SANDBOXING = YES;
				GCC_C_LANGUAGE_STANDARD = gnu17;
				GCC_NO_COMMON_BLOCKS = YES;
				GCC_WARN_64_TO_32_BIT_CONVERSION = YES;
				GCC_WARN_ABOUT_RETURN_TYPE = YES_ERROR;
				GCC_WARN_UNDECLARED_SELECTOR = YES;
				GCC_WARN_UNINITIALIZED_AUTOS = YES_AGGRESSIVE;
				GCC_WARN_UNUSED_FUNCTION = YES;
				GCC_WARN_UNUSED_VARIABLE = YES;
				LOCALIZATION_PREFERS_STRING_CATALOGS = YES;
				MTL_ENABLE_DEBUG_INFO = NO;
				MTL_FAST_MATH = YES;
				STRING_CATALOG_GENERATE_SYMBOLS = YES;
				SWIFT_COMPILATION_MODE = wholemodule;
				SWIFT_EMIT_LOC_STRINGS = YES;
			};
			name = Release;
		};
		0814D4912E8D4E7F0073412C /* Debug */ = {
			isa = XCBuildConfiguration;
			baseConfigurationReferenceAnchor = 087DCDCC2EBB352A00487EC1 /* Config */;
			baseConfigurationReferenceRelativePath = Debug.xcconfig;
			buildSettings = {
				ASSETCATALOG_COMPILER_APPICON_NAME = AppIcon;
				ASSETCATALOG_COMPILER_GLOBAL_ACCENT_COLOR_NAME = AccentColor;
				CLANG_OPTIMIZATION_PROFILE_FILE = "$(SRCROOT)/OptimizationProfiles/BabyDashboard.profdata";
				CODE_SIGN_ENTITLEMENTS = BabyDashboard/BabyDashboard.entitlements;
				CODE_SIGN_STYLE = Automatic;
				CURRENT_PROJECT_VERSION = 1;
				DEAD_CODE_STRIPPING = YES;
				DEVELOPMENT_TEAM = 7KT5X239S9;
				ENABLE_APP_SANDBOX = YES;
				ENABLE_HARDENED_RUNTIME = YES;
				ENABLE_PREVIEWS = YES;
				ENABLE_USER_SELECTED_FILES = readonly;
				GENERATE_INFOPLIST_FILE = YES;
				INFOPLIST_FILE = BabyDashboard/Info.plist;
				INFOPLIST_KEY_LSApplicationCategoryType = "public.app-category.healthcare-fitness";
				"INFOPLIST_KEY_UIApplicationSceneManifest_Generation[sdk=iphoneos*]" = YES;
				"INFOPLIST_KEY_UIApplicationSceneManifest_Generation[sdk=iphonesimulator*]" = YES;
				"INFOPLIST_KEY_UIApplicationSupportsIndirectInputEvents[sdk=iphoneos*]" = YES;
				"INFOPLIST_KEY_UIApplicationSupportsIndirectInputEvents[sdk=iphonesimulator*]" = YES;
				"INFOPLIST_KEY_UILaunchScreen_Generation[sdk=iphoneos*]" = YES;
				"INFOPLIST_KEY_UILaunchScreen_Generation[sdk=iphonesimulator*]" = YES;
				"INFOPLIST_KEY_UIStatusBarStyle[sdk=iphoneos*]" = UIStatusBarStyleDefault;
				"INFOPLIST_KEY_UIStatusBarStyle[sdk=iphonesimulator*]" = UIStatusBarStyleDefault;
				INFOPLIST_KEY_UISupportedInterfaceOrientations = "UIInterfaceOrientationLandscapeLeft UIInterfaceOrientationLandscapeRight UIInterfaceOrientationPortrait UIInterfaceOrientationPortraitUpsideDown";
				IPHONEOS_DEPLOYMENT_TARGET = 18.5;
				LD_RUNPATH_SEARCH_PATHS = "@executable_path/Frameworks";
				"LD_RUNPATH_SEARCH_PATHS[sdk=macosx*]" = "@executable_path/../Frameworks";
				MACOSX_DEPLOYMENT_TARGET = 15.5;
				MARKETING_VERSION = 1.0;
				PRODUCT_NAME = "$(TARGET_NAME)";
				REGISTER_APP_GROUPS = YES;
				SDKROOT = auto;
				SUPPORTED_PLATFORMS = "iphoneos iphonesimulator xros xrsimulator";
				SUPPORTS_MACCATALYST = NO;
				SWIFT_EMIT_LOC_STRINGS = YES;
				SWIFT_VERSION = 5.0;
				TARGETED_DEVICE_FAMILY = "1,2,7";
				XROS_DEPLOYMENT_TARGET = 2.5;
			};
			name = Debug;
		};
		0814D4922E8D4E7F0073412C /* Release */ = {
			isa = XCBuildConfiguration;
			buildSettings = {
				ASSETCATALOG_COMPILER_APPICON_NAME = AppIcon;
				ASSETCATALOG_COMPILER_GLOBAL_ACCENT_COLOR_NAME = AccentColor;
				CLANG_OPTIMIZATION_PROFILE_FILE = "$(SRCROOT)/OptimizationProfiles/BabyDashboard.profdata";
				CODE_SIGN_ENTITLEMENTS = BabyDashboard/BabyDashboard.entitlements;
				CODE_SIGN_STYLE = Automatic;
				CURRENT_PROJECT_VERSION = 1;
				DEAD_CODE_STRIPPING = YES;
				DEVELOPMENT_TEAM = 7KT5X239S9;
				ENABLE_APP_SANDBOX = YES;
				ENABLE_HARDENED_RUNTIME = YES;
				ENABLE_PREVIEWS = YES;
				ENABLE_USER_SELECTED_FILES = readonly;
				GENERATE_INFOPLIST_FILE = YES;
				INFOPLIST_FILE = BabyDashboard/Info.plist;
				INFOPLIST_KEY_LSApplicationCategoryType = "public.app-category.healthcare-fitness";
				"INFOPLIST_KEY_UIApplicationSceneManifest_Generation[sdk=iphoneos*]" = YES;
				"INFOPLIST_KEY_UIApplicationSceneManifest_Generation[sdk=iphonesimulator*]" = YES;
				"INFOPLIST_KEY_UIApplicationSupportsIndirectInputEvents[sdk=iphoneos*]" = YES;
				"INFOPLIST_KEY_UIApplicationSupportsIndirectInputEvents[sdk=iphonesimulator*]" = YES;
				"INFOPLIST_KEY_UILaunchScreen_Generation[sdk=iphoneos*]" = YES;
				"INFOPLIST_KEY_UILaunchScreen_Generation[sdk=iphonesimulator*]" = YES;
				"INFOPLIST_KEY_UIStatusBarStyle[sdk=iphoneos*]" = UIStatusBarStyleDefault;
				"INFOPLIST_KEY_UIStatusBarStyle[sdk=iphonesimulator*]" = UIStatusBarStyleDefault;
				INFOPLIST_KEY_UISupportedInterfaceOrientations = "UIInterfaceOrientationLandscapeLeft UIInterfaceOrientationLandscapeRight UIInterfaceOrientationPortrait UIInterfaceOrientationPortraitUpsideDown";
				IPHONEOS_DEPLOYMENT_TARGET = 18.5;
				LD_RUNPATH_SEARCH_PATHS = "@executable_path/Frameworks";
				"LD_RUNPATH_SEARCH_PATHS[sdk=macosx*]" = "@executable_path/../Frameworks";
				MACOSX_DEPLOYMENT_TARGET = 15.5;
				MARKETING_VERSION = 1.0;
				PRODUCT_BUNDLE_IDENTIFIER = com.sungdoo.babyDashboard;
				"PRODUCT_BUNDLE_IDENTIFIER[sdk=iphoneos*]" = com.sungdoo.babyDashboard2;
				"PRODUCT_BUNDLE_IDENTIFIER[sdk=xros*]" = com.sungdoo.babyDashboard2;
				PRODUCT_NAME = "$(TARGET_NAME)";
				REGISTER_APP_GROUPS = YES;
				SDKROOT = auto;
				SUPPORTED_PLATFORMS = "iphoneos iphonesimulator xros xrsimulator";
				SUPPORTS_MACCATALYST = NO;
				SWIFT_EMIT_LOC_STRINGS = YES;
				SWIFT_VERSION = 5.0;
				TARGETED_DEVICE_FAMILY = "1,2,7";
				XROS_DEPLOYMENT_TARGET = 2.5;
			};
			name = Release;
		};
		0814D4942E8D4E7F0073412C /* Debug */ = {
			isa = XCBuildConfiguration;
			buildSettings = {
				BUNDLE_LOADER = "$(TEST_HOST)";
				CODE_SIGN_STYLE = Automatic;
				CURRENT_PROJECT_VERSION = 1;
				DEAD_CODE_STRIPPING = YES;
				DEVELOPMENT_TEAM = 7KT5X239S9;
				GENERATE_INFOPLIST_FILE = YES;
				IPHONEOS_DEPLOYMENT_TARGET = 18.5;
				MACOSX_DEPLOYMENT_TARGET = 15.5;
				MARKETING_VERSION = 1.0;
				PRODUCT_BUNDLE_IDENTIFIER = com.sungdoo.FullScreenClockTests;
				PRODUCT_NAME = "$(TARGET_NAME)";
				SDKROOT = auto;
				SUPPORTED_PLATFORMS = "iphoneos iphonesimulator macosx xros xrsimulator";
				SWIFT_EMIT_LOC_STRINGS = NO;
				SWIFT_VERSION = 5.0;
				TARGETED_DEVICE_FAMILY = "1,2,7";
				TEST_HOST = "$(BUILT_PRODUCTS_DIR)/BabyDashboard.app/$(BUNDLE_EXECUTABLE_FOLDER_PATH)/BabyDashboard";
				XROS_DEPLOYMENT_TARGET = 2.5;
			};
			name = Debug;
		};
		0814D4952E8D4E7F0073412C /* Release */ = {
			isa = XCBuildConfiguration;
			buildSettings = {
				BUNDLE_LOADER = "$(TEST_HOST)";
				CODE_SIGN_STYLE = Automatic;
				CURRENT_PROJECT_VERSION = 1;
				DEAD_CODE_STRIPPING = YES;
				DEVELOPMENT_TEAM = 7KT5X239S9;
				GENERATE_INFOPLIST_FILE = YES;
				IPHONEOS_DEPLOYMENT_TARGET = 18.5;
				MACOSX_DEPLOYMENT_TARGET = 15.5;
				MARKETING_VERSION = 1.0;
				PRODUCT_BUNDLE_IDENTIFIER = com.sungdoo.FullScreenClockTests;
				PRODUCT_NAME = "$(TARGET_NAME)";
				SDKROOT = auto;
				SUPPORTED_PLATFORMS = "iphoneos iphonesimulator macosx xros xrsimulator";
				SWIFT_EMIT_LOC_STRINGS = NO;
				SWIFT_VERSION = 5.0;
				TARGETED_DEVICE_FAMILY = "1,2,7";
				TEST_HOST = "$(BUILT_PRODUCTS_DIR)/BabyDashboard.app/$(BUNDLE_EXECUTABLE_FOLDER_PATH)/BabyDashboard";
				XROS_DEPLOYMENT_TARGET = 2.5;
			};
			name = Release;
		};
		0814D4972E8D4E7F0073412C /* Debug */ = {
			isa = XCBuildConfiguration;
			buildSettings = {
				CLANG_OPTIMIZATION_PROFILE_FILE = "$(SRCROOT)/OptimizationProfiles/BabyDashboard.profdata";
				CODE_SIGN_STYLE = Automatic;
				CURRENT_PROJECT_VERSION = 1;
				DEAD_CODE_STRIPPING = YES;
				DEVELOPMENT_TEAM = 7KT5X239S9;
				GENERATE_INFOPLIST_FILE = YES;
				IPHONEOS_DEPLOYMENT_TARGET = 18.5;
				MACOSX_DEPLOYMENT_TARGET = 15.5;
				MARKETING_VERSION = 1.0;
				PRODUCT_BUNDLE_IDENTIFIER = com.sungdoo.FullScreenClockUITests;
				PRODUCT_NAME = "$(TARGET_NAME)";
				SDKROOT = auto;
				SUPPORTED_PLATFORMS = "iphoneos iphonesimulator macosx xros xrsimulator";
				SWIFT_EMIT_LOC_STRINGS = NO;
				SWIFT_VERSION = 5.0;
				TARGETED_DEVICE_FAMILY = "1,2,7";
				TEST_TARGET_NAME = BabyDashboard;
				XROS_DEPLOYMENT_TARGET = 2.5;
			};
			name = Debug;
		};
		0814D4982E8D4E7F0073412C /* Release */ = {
			isa = XCBuildConfiguration;
			buildSettings = {
				CLANG_OPTIMIZATION_PROFILE_FILE = "$(SRCROOT)/OptimizationProfiles/BabyDashboard.profdata";
				CODE_SIGN_STYLE = Automatic;
				CURRENT_PROJECT_VERSION = 1;
				DEAD_CODE_STRIPPING = YES;
				DEVELOPMENT_TEAM = 7KT5X239S9;
				GENERATE_INFOPLIST_FILE = YES;
				IPHONEOS_DEPLOYMENT_TARGET = 18.5;
				MACOSX_DEPLOYMENT_TARGET = 15.5;
				MARKETING_VERSION = 1.0;
				PRODUCT_BUNDLE_IDENTIFIER = com.sungdoo.FullScreenClockUITests;
				PRODUCT_NAME = "$(TARGET_NAME)";
				SDKROOT = auto;
				SUPPORTED_PLATFORMS = "iphoneos iphonesimulator macosx xros xrsimulator";
				SWIFT_EMIT_LOC_STRINGS = NO;
				SWIFT_VERSION = 5.0;
				TARGETED_DEVICE_FAMILY = "1,2,7";
				TEST_TARGET_NAME = BabyDashboard;
				XROS_DEPLOYMENT_TARGET = 2.5;
			};
			name = Release;
		};
		08E6BBCE2EAFF5D100DD237C /* Debug */ = {
			isa = XCBuildConfiguration;
			buildSettings = {
				ALLOW_TARGET_PLATFORM_SPECIALIZATION = YES;
				BUILD_LIBRARY_FOR_DISTRIBUTION = YES;
				CODE_SIGN_IDENTITY = "";
				CODE_SIGN_STYLE = Automatic;
				CURRENT_PROJECT_VERSION = 1;
				DEVELOPMENT_TEAM = 7KT5X239S9;
				DYLIB_COMPATIBILITY_VERSION = 1;
				DYLIB_CURRENT_VERSION = 1;
				DYLIB_INSTALL_NAME_BASE = "@rpath";
				ENABLE_MODULE_VERIFIER = YES;
				GENERATE_INFOPLIST_FILE = YES;
				INFOPLIST_KEY_NSHumanReadableCopyright = "";
				INSTALL_PATH = "$(LOCAL_LIBRARY_DIR)/Frameworks";
				IPHONEOS_DEPLOYMENT_TARGET = 18.5;
				LD_RUNPATH_SEARCH_PATHS = (
					"@executable_path/Frameworks",
					"@loader_path/Frameworks",
				);
				"LD_RUNPATH_SEARCH_PATHS[sdk=macosx*]" = (
					"@executable_path/../Frameworks",
					"@loader_path/Frameworks",
				);
				MACOSX_DEPLOYMENT_TARGET = 15.6;
				MARKETING_VERSION = 1.0;
				MODULE_VERIFIER_SUPPORTED_LANGUAGES = "objective-c objective-c++";
				MODULE_VERIFIER_SUPPORTED_LANGUAGE_STANDARDS = "gnu17 gnu++20";
				PRODUCT_BUNDLE_IDENTIFIER = com.sungdoo.babyDashboard2.Model;
				PRODUCT_NAME = "$(TARGET_NAME:c99extidentifier)";
				SDKROOT = auto;
				SKIP_INSTALL = YES;
				STRING_CATALOG_GENERATE_SYMBOLS = YES;
				SUPPORTED_PLATFORMS = "iphoneos iphonesimulator macosx watchos watchsimulator xros xrsimulator";
				SUPPORTS_MACCATALYST = NO;
				SWIFT_APPROACHABLE_CONCURRENCY = YES;
				SWIFT_EMIT_LOC_STRINGS = YES;
				SWIFT_INSTALL_MODULE = YES;
				SWIFT_INSTALL_OBJC_HEADER = NO;
				SWIFT_UPCOMING_FEATURE_MEMBER_IMPORT_VISIBILITY = YES;
				SWIFT_VERSION = 5.0;
				TARGETED_DEVICE_FAMILY = "1,2,4,7";
				VERSIONING_SYSTEM = "apple-generic";
				VERSION_INFO_PREFIX = "";
				WATCHOS_DEPLOYMENT_TARGET = 10.6;
				XROS_DEPLOYMENT_TARGET = 2.6;
			};
			name = Debug;
		};
		08E6BBCF2EAFF5D100DD237C /* Release */ = {
			isa = XCBuildConfiguration;
			buildSettings = {
				ALLOW_TARGET_PLATFORM_SPECIALIZATION = YES;
				BUILD_LIBRARY_FOR_DISTRIBUTION = YES;
				CODE_SIGN_IDENTITY = "";
				CODE_SIGN_STYLE = Automatic;
				CURRENT_PROJECT_VERSION = 1;
				DEVELOPMENT_TEAM = 7KT5X239S9;
				DYLIB_COMPATIBILITY_VERSION = 1;
				DYLIB_CURRENT_VERSION = 1;
				DYLIB_INSTALL_NAME_BASE = "@rpath";
				ENABLE_MODULE_VERIFIER = YES;
				GENERATE_INFOPLIST_FILE = YES;
				INFOPLIST_KEY_NSHumanReadableCopyright = "";
				INSTALL_PATH = "$(LOCAL_LIBRARY_DIR)/Frameworks";
				IPHONEOS_DEPLOYMENT_TARGET = 18.5;
				LD_RUNPATH_SEARCH_PATHS = (
					"@executable_path/Frameworks",
					"@loader_path/Frameworks",
				);
				"LD_RUNPATH_SEARCH_PATHS[sdk=macosx*]" = (
					"@executable_path/../Frameworks",
					"@loader_path/Frameworks",
				);
				MACOSX_DEPLOYMENT_TARGET = 15.6;
				MARKETING_VERSION = 1.0;
				MODULE_VERIFIER_SUPPORTED_LANGUAGES = "objective-c objective-c++";
				MODULE_VERIFIER_SUPPORTED_LANGUAGE_STANDARDS = "gnu17 gnu++20";
				PRODUCT_BUNDLE_IDENTIFIER = com.sungdoo.babyDashboard2.Model;
				PRODUCT_NAME = "$(TARGET_NAME:c99extidentifier)";
				SDKROOT = auto;
				SKIP_INSTALL = YES;
				STRING_CATALOG_GENERATE_SYMBOLS = YES;
				SUPPORTED_PLATFORMS = "iphoneos iphonesimulator macosx watchos watchsimulator xros xrsimulator";
				SUPPORTS_MACCATALYST = NO;
				SWIFT_APPROACHABLE_CONCURRENCY = YES;
				SWIFT_EMIT_LOC_STRINGS = YES;
				SWIFT_INSTALL_MODULE = YES;
				SWIFT_INSTALL_OBJC_HEADER = NO;
				SWIFT_UPCOMING_FEATURE_MEMBER_IMPORT_VISIBILITY = YES;
				SWIFT_VERSION = 5.0;
				TARGETED_DEVICE_FAMILY = "1,2,4,7";
				VERSIONING_SYSTEM = "apple-generic";
				VERSION_INFO_PREFIX = "";
				WATCHOS_DEPLOYMENT_TARGET = 10.6;
				XROS_DEPLOYMENT_TARGET = 2.6;
			};
			name = Release;
		};
		08E6BBD22EAFF5D100DD237C /* Debug */ = {
			isa = XCBuildConfiguration;
			buildSettings = {
				ALLOW_TARGET_PLATFORM_SPECIALIZATION = YES;
				CODE_SIGN_STYLE = Automatic;
				CURRENT_PROJECT_VERSION = 1;
				DEVELOPMENT_TEAM = 7KT5X239S9;
				GENERATE_INFOPLIST_FILE = YES;
				IPHONEOS_DEPLOYMENT_TARGET = 18.5;
				MACOSX_DEPLOYMENT_TARGET = 26.0;
				MARKETING_VERSION = 1.0;
				PRODUCT_BUNDLE_IDENTIFIER = com.sungdoo.babyDashboard.watchkitapp.ModelTests;
				PRODUCT_NAME = "$(TARGET_NAME)";
				SDKROOT = auto;
				STRING_CATALOG_GENERATE_SYMBOLS = NO;
				SUPPORTED_PLATFORMS = "iphoneos iphonesimulator macosx xros xrsimulator";
				SWIFT_APPROACHABLE_CONCURRENCY = YES;
				SWIFT_EMIT_LOC_STRINGS = NO;
				SWIFT_UPCOMING_FEATURE_MEMBER_IMPORT_VISIBILITY = YES;
				SWIFT_VERSION = 5.0;
				TARGETED_DEVICE_FAMILY = "1,2,7";
				TEST_HOST = "$(BUILT_PRODUCTS_DIR)/BabyDashboard.app/$(BUNDLE_EXECUTABLE_FOLDER_PATH)/BabyDashboard";
				XROS_DEPLOYMENT_TARGET = 26.0;
			};
			name = Debug;
		};
		08E6BBD32EAFF5D100DD237C /* Release */ = {
			isa = XCBuildConfiguration;
			buildSettings = {
				ALLOW_TARGET_PLATFORM_SPECIALIZATION = YES;
				CODE_SIGN_STYLE = Automatic;
				CURRENT_PROJECT_VERSION = 1;
				DEVELOPMENT_TEAM = 7KT5X239S9;
				GENERATE_INFOPLIST_FILE = YES;
				IPHONEOS_DEPLOYMENT_TARGET = 18.5;
				MACOSX_DEPLOYMENT_TARGET = 26.0;
				MARKETING_VERSION = 1.0;
				PRODUCT_BUNDLE_IDENTIFIER = com.sungdoo.babyDashboard.watchkitapp.ModelTests;
				PRODUCT_NAME = "$(TARGET_NAME)";
				SDKROOT = auto;
				STRING_CATALOG_GENERATE_SYMBOLS = NO;
				SUPPORTED_PLATFORMS = "iphoneos iphonesimulator macosx xros xrsimulator";
				SWIFT_APPROACHABLE_CONCURRENCY = YES;
				SWIFT_EMIT_LOC_STRINGS = NO;
				SWIFT_UPCOMING_FEATURE_MEMBER_IMPORT_VISIBILITY = YES;
				SWIFT_VERSION = 5.0;
				TARGETED_DEVICE_FAMILY = "1,2,7";
				TEST_HOST = "$(BUILT_PRODUCTS_DIR)/BabyDashboard.app/$(BUNDLE_EXECUTABLE_FOLDER_PATH)/BabyDashboard";
				XROS_DEPLOYMENT_TARGET = 26.0;
			};
			name = Release;
		};
		08F230D32EB7B818007CB56A /* Debug */ = {
			isa = XCBuildConfiguration;
			baseConfigurationReferenceAnchor = 087DCDCC2EBB352A00487EC1 /* Config */;
			baseConfigurationReferenceRelativePath = Debug.xcconfig;
			buildSettings = {
				ASSETCATALOG_COMPILER_GLOBAL_ACCENT_COLOR_NAME = AccentColor;
				ASSETCATALOG_COMPILER_WIDGET_BACKGROUND_COLOR_NAME = WidgetBackground;
				CODE_SIGN_ENTITLEMENTS = DashboardWidgetExtension.entitlements;
				CODE_SIGN_STYLE = Automatic;
				CURRENT_PROJECT_VERSION = 1;
				DEVELOPMENT_TEAM = 7KT5X239S9;
				ENABLE_APP_SANDBOX = YES;
				ENABLE_HARDENED_RUNTIME = YES;
				GENERATE_INFOPLIST_FILE = YES;
				INFOPLIST_FILE = DashboardWidget/Info.plist;
				INFOPLIST_KEY_CFBundleDisplayName = DashboardWidget;
				INFOPLIST_KEY_NSHumanReadableCopyright = "";
				IPHONEOS_DEPLOYMENT_TARGET = 18.5;
				LD_RUNPATH_SEARCH_PATHS = (
					"$(inherited)",
					"@executable_path/Frameworks",
					"@executable_path/../../Frameworks",
				);
				"LD_RUNPATH_SEARCH_PATHS[sdk=macosx*]" = (
					"$(inherited)",
					"@executable_path/../Frameworks",
					"@executable_path/../../../../Frameworks",
				);
				MACOSX_DEPLOYMENT_TARGET = 26.0;
				MARKETING_VERSION = 1.0;
				PRODUCT_BUNDLE_IDENTIFIER = com.sungdoo.babyDashboard2.dev.widget;
				PRODUCT_NAME = "$(TARGET_NAME)";
				REGISTER_APP_GROUPS = YES;
				SDKROOT = auto;
				SKIP_INSTALL = YES;
				STRING_CATALOG_GENERATE_SYMBOLS = YES;
				SUPPORTED_PLATFORMS = "iphoneos iphonesimulator macosx xros xrsimulator";
				SWIFT_APPROACHABLE_CONCURRENCY = YES;
				SWIFT_EMIT_LOC_STRINGS = YES;
				SWIFT_UPCOMING_FEATURE_MEMBER_IMPORT_VISIBILITY = YES;
				SWIFT_VERSION = 5.0;
				TARGETED_DEVICE_FAMILY = "1,2,7";
				XROS_DEPLOYMENT_TARGET = 26.0;
			};
			name = Debug;
		};
		08F230D42EB7B818007CB56A /* Release */ = {
			isa = XCBuildConfiguration;
			buildSettings = {
				ASSETCATALOG_COMPILER_GLOBAL_ACCENT_COLOR_NAME = AccentColor;
				ASSETCATALOG_COMPILER_WIDGET_BACKGROUND_COLOR_NAME = WidgetBackground;
				CODE_SIGN_ENTITLEMENTS = DashboardWidgetExtension.entitlements;
				CODE_SIGN_STYLE = Automatic;
				CURRENT_PROJECT_VERSION = 1;
				DEVELOPMENT_TEAM = 7KT5X239S9;
				ENABLE_APP_SANDBOX = YES;
				ENABLE_HARDENED_RUNTIME = YES;
				GENERATE_INFOPLIST_FILE = YES;
				INFOPLIST_FILE = DashboardWidget/Info.plist;
				INFOPLIST_KEY_CFBundleDisplayName = DashboardWidget;
				INFOPLIST_KEY_NSHumanReadableCopyright = "";
				IPHONEOS_DEPLOYMENT_TARGET = 18.5;
				LD_RUNPATH_SEARCH_PATHS = (
					"$(inherited)",
					"@executable_path/Frameworks",
					"@executable_path/../../Frameworks",
				);
				"LD_RUNPATH_SEARCH_PATHS[sdk=macosx*]" = (
					"$(inherited)",
					"@executable_path/../Frameworks",
					"@executable_path/../../../../Frameworks",
				);
				MACOSX_DEPLOYMENT_TARGET = 26.0;
				MARKETING_VERSION = 1.0;
				PRODUCT_BUNDLE_IDENTIFIER = com.sungdoo.babyDashboard2.widget;
				PRODUCT_NAME = "$(TARGET_NAME)";
				REGISTER_APP_GROUPS = YES;
				SDKROOT = auto;
				SKIP_INSTALL = YES;
				STRING_CATALOG_GENERATE_SYMBOLS = YES;
				SUPPORTED_PLATFORMS = "iphoneos iphonesimulator macosx xros xrsimulator";
				SWIFT_APPROACHABLE_CONCURRENCY = YES;
				SWIFT_EMIT_LOC_STRINGS = YES;
				SWIFT_UPCOMING_FEATURE_MEMBER_IMPORT_VISIBILITY = YES;
				SWIFT_VERSION = 5.0;
				TARGETED_DEVICE_FAMILY = "1,2,7";
				XROS_DEPLOYMENT_TARGET = 26.0;
			};
			name = Release;
		};
/* End XCBuildConfiguration section */

/* Begin XCConfigurationList section */
		0814D4692E8D4E7E0073412C /* Build configuration list for PBXProject "BabyDashboard" */ = {
			isa = XCConfigurationList;
			buildConfigurations = (
				0814D48E2E8D4E7F0073412C /* Debug */,
				0814D48F2E8D4E7F0073412C /* Release */,
			);
			defaultConfigurationIsVisible = 0;
			defaultConfigurationName = Release;
		};
		0814D4902E8D4E7F0073412C /* Build configuration list for PBXNativeTarget "BabyDashboard" */ = {
			isa = XCConfigurationList;
			buildConfigurations = (
				0814D4912E8D4E7F0073412C /* Debug */,
				0814D4922E8D4E7F0073412C /* Release */,
			);
			defaultConfigurationIsVisible = 0;
			defaultConfigurationName = Release;
		};
		0814D4932E8D4E7F0073412C /* Build configuration list for PBXNativeTarget "BabyDashboardTests" */ = {
			isa = XCConfigurationList;
			buildConfigurations = (
				0814D4942E8D4E7F0073412C /* Debug */,
				0814D4952E8D4E7F0073412C /* Release */,
			);
			defaultConfigurationIsVisible = 0;
			defaultConfigurationName = Release;
		};
		0814D4962E8D4E7F0073412C /* Build configuration list for PBXNativeTarget "BabyDashboardUITests" */ = {
			isa = XCConfigurationList;
			buildConfigurations = (
				0814D4972E8D4E7F0073412C /* Debug */,
				0814D4982E8D4E7F0073412C /* Release */,
			);
			defaultConfigurationIsVisible = 0;
			defaultConfigurationName = Release;
		};
		08E6BBCD2EAFF5D100DD237C /* Build configuration list for PBXNativeTarget "Model" */ = {
			isa = XCConfigurationList;
			buildConfigurations = (
				08E6BBCE2EAFF5D100DD237C /* Debug */,
				08E6BBCF2EAFF5D100DD237C /* Release */,
			);
			defaultConfigurationIsVisible = 0;
			defaultConfigurationName = Release;
		};
		08E6BBD12EAFF5D100DD237C /* Build configuration list for PBXNativeTarget "ModelTests" */ = {
			isa = XCConfigurationList;
			buildConfigurations = (
				08E6BBD22EAFF5D100DD237C /* Debug */,
				08E6BBD32EAFF5D100DD237C /* Release */,
			);
			defaultConfigurationIsVisible = 0;
			defaultConfigurationName = Release;
		};
		08F230D22EB7B818007CB56A /* Build configuration list for PBXNativeTarget "DashboardWidgetExtension" */ = {
			isa = XCConfigurationList;
			buildConfigurations = (
				08F230D32EB7B818007CB56A /* Debug */,
				08F230D42EB7B818007CB56A /* Release */,
			);
			defaultConfigurationIsVisible = 0;
			defaultConfigurationName = Release;
		};
/* End XCConfigurationList section */
	};
	rootObject = 0814D4662E8D4E7E0073412C /* Project object */;
}
